
Microsoft Visual Studio Solution File, Format Version 12.00
# Visual Studio Version 17
VisualStudioVersion = 17.2.32519.379
MinimumVisualStudioVersion = 10.0.40219.1
Project("{9A19103F-16F7-4668-BE54-9A1E7A4F7556}") = "ThisDoesNotExist", "ThisDoesNotExist\ThisDoesNotExist.csproj", "{C0CA4595-E50D-4D37-B308-1E0D3D8AD08C}"
EndProject
Global
	GlobalSection(SolutionConfigurationPlatforms) = preSolution
		Debug|Any CPU = Debug|Any CPU
		Debug|x64 = Debug|x64
		Release|Any CPU = Release|Any CPU
		Release|x64 = Release|x64
	EndGlobalSection
	GlobalSection(ProjectConfigurationPlatforms) = postSolution
		{C0CA4595-E50D-4D37-B308-1E0D3D8AD08C}.Debug|Any CPU.ActiveCfg = Debug|Any CPU
		{C0CA4595-E50D-4D37-B308-1E0D3D8AD08C}.Debug|Any CPU.Build.0 = Debug|Any CPU
		{C0CA4595-E50D-4D37-B308-1E0D3D8AD08C}.Debug|x64.ActiveCfg = Debug|x64
		{C0CA4595-E50D-4D37-B308-1E0D3D8AD08C}.Debug|x64.Build.0 = Debug|x64
		{C0CA4595-E50D-4D37-B308-1E0D3D8AD08C}.Release|Any CPU.ActiveCfg = Release|Any CPU
		{C0CA4595-E50D-4D37-B308-1E0D3D8AD08C}.Release|Any CPU.Build.0 = Release|Any CPU
		{C0CA4595-E50D-4D37-B308-1E0D3D8AD08C}.Release|x64.ActiveCfg = Release|x64
		{C0CA4595-E50D-4D37-B308-1E0D3D8AD08C}.Release|x64.Build.0 = Release|x64
	EndGlobalSection
	GlobalSection(SolutionProperties) = preSolution
		HideSolutionNode = FALSE
	EndGlobalSection
	GlobalSection(ExtensibilityGlobals) = postSolution
		SolutionGuid = {06224F8A-B87F-4CD0-9AE0-8C41607F94F6}
	EndGlobalSection
EndGlobal
